// !$*UTF8*$!
{
	archiveVersion = 1;
	classes = {
	};
	objectVersion = 50;
	objects = {

/* Begin PBXBuildFile section */
		1B2E011E20C79ED400B34645 /* SProfileVC.swift in Sources */ = {isa = PBXBuildFile; fileRef = 1B2E011C20C79ED400B34645 /* SProfileVC.swift */; };
		1B2E011F20C79ED400B34645 /* SProfileVC.xib in Resources */ = {isa = PBXBuildFile; fileRef = 1B2E011D20C79ED400B34645 /* SProfileVC.xib */; };
		1B2E012220C79EFD00B34645 /* SHomeVC.swift in Sources */ = {isa = PBXBuildFile; fileRef = 1B2E012020C79EFD00B34645 /* SHomeVC.swift */; };
		1B2E012320C79EFD00B34645 /* SHomeVC.xib in Resources */ = {isa = PBXBuildFile; fileRef = 1B2E012120C79EFD00B34645 /* SHomeVC.xib */; };
		1B2E012520C7A4E500B34645 /* Roboto-Regular.ttf in Resources */ = {isa = PBXBuildFile; fileRef = 1B2E012420C7A4E500B34645 /* Roboto-Regular.ttf */; };
		1B2E012720C7AAE900B34645 /* male.png in Resources */ = {isa = PBXBuildFile; fileRef = 1B2E012620C7AAE900B34645 /* male.png */; };
		1B2E012920C7AC7200B34645 /* left-arrow.png in Resources */ = {isa = PBXBuildFile; fileRef = 1B2E012820C7AC7200B34645 /* left-arrow.png */; };
		1B2E012B20C7AED800B34645 /* edit.png in Resources */ = {isa = PBXBuildFile; fileRef = 1B2E012A20C7AED800B34645 /* edit.png */; };
		1B2E013020C7B3F600B34645 /* 1242_2208.png in Resources */ = {isa = PBXBuildFile; fileRef = 1B2E012C20C7B3F200B34645 /* 1242_2208.png */; };
		1B2E013120C7B3F600B34645 /* 640_1136.png in Resources */ = {isa = PBXBuildFile; fileRef = 1B2E012D20C7B3F300B34645 /* 640_1136.png */; };
		1B2E013220C7B3F600B34645 /* 750_1334.png in Resources */ = {isa = PBXBuildFile; fileRef = 1B2E012E20C7B3F400B34645 /* 750_1334.png */; };
		1B2E013320C7B3F600B34645 /* 640_960.png in Resources */ = {isa = PBXBuildFile; fileRef = 1B2E012F20C7B3F500B34645 /* 640_960.png */; };
		1B2E013520C7B68900B34645 /* 1125_2436.png in Resources */ = {isa = PBXBuildFile; fileRef = 1B2E013420C7B68900B34645 /* 1125_2436.png */; };
		1B48805620CA5C3D008AC3DD /* QuestionDataSecond.swift in Sources */ = {isa = PBXBuildFile; fileRef = 1B48805520CA5C3D008AC3DD /* QuestionDataSecond.swift */; };
		1B48805820CA794D008AC3DD /* QuartzCore.framework in Frameworks */ = {isa = PBXBuildFile; fileRef = 1B48805720CA794D008AC3DD /* QuartzCore.framework */; };
		1B48805A20CA797C008AC3DD /* SweetAlert.swift in Sources */ = {isa = PBXBuildFile; fileRef = 1B48805920CA797C008AC3DD /* SweetAlert.swift */; };
		1B48805E20CA8CD3008AC3DD /* next.png in Resources */ = {isa = PBXBuildFile; fileRef = 1B48805B20CA8CD2008AC3DD /* next.png */; };
		1B48805F20CA8CD3008AC3DD /* previous.png in Resources */ = {isa = PBXBuildFile; fileRef = 1B48805C20CA8CD2008AC3DD /* previous.png */; };
		1B48806020CA8CD3008AC3DD /* cancel.png in Resources */ = {isa = PBXBuildFile; fileRef = 1B48805D20CA8CD3008AC3DD /* cancel.png */; };
		1B6DF8D820C7BF6E00280E84 /* nouser.png in Resources */ = {isa = PBXBuildFile; fileRef = 1B6DF8D720C7BF6C00280E84 /* nouser.png */; };
		1B6DF8DA20C7C73000280E84 /* logout.png in Resources */ = {isa = PBXBuildFile; fileRef = 1B6DF8D920C7C72F00280E84 /* logout.png */; };
		1B6DF8DE20C7DB2900280E84 /* slider1.png in Resources */ = {isa = PBXBuildFile; fileRef = 1B6DF8DB20C7DB2800280E84 /* slider1.png */; };
		1B6DF8DF20C7DB2900280E84 /* slider2.jpg in Resources */ = {isa = PBXBuildFile; fileRef = 1B6DF8DC20C7DB2800280E84 /* slider2.jpg */; };
		1B6DF8E020C7DB2900280E84 /* slider3.jpg in Resources */ = {isa = PBXBuildFile; fileRef = 1B6DF8DD20C7DB2800280E84 /* slider3.jpg */; };
		1B6DF8E220C7E05C00280E84 /* orderbtn.png in Resources */ = {isa = PBXBuildFile; fileRef = 1B6DF8E120C7E05B00280E84 /* orderbtn.png */; };
		1B6DF8EA20C7E38200280E84 /* HomeCell.swift in Sources */ = {isa = PBXBuildFile; fileRef = 1B6DF8E820C7E38200280E84 /* HomeCell.swift */; };
		1B6DF8EB20C7E38200280E84 /* HomeCell.xib in Resources */ = {isa = PBXBuildFile; fileRef = 1B6DF8E920C7E38200280E84 /* HomeCell.xib */; };
		1B6DF8F020C7E4BC00280E84 /* Chair2.jpg in Resources */ = {isa = PBXBuildFile; fileRef = 1B6DF8EC20C7E4BC00280E84 /* Chair2.jpg */; };
		1B6DF8F120C7E4BC00280E84 /* Chair1.jpg in Resources */ = {isa = PBXBuildFile; fileRef = 1B6DF8ED20C7E4BC00280E84 /* Chair1.jpg */; };
		1B6DF8F220C7E4BC00280E84 /* chair3.jpg in Resources */ = {isa = PBXBuildFile; fileRef = 1B6DF8EE20C7E4BC00280E84 /* chair3.jpg */; };
		1B6DF8F320C7E4BC00280E84 /* chair7.jpg in Resources */ = {isa = PBXBuildFile; fileRef = 1B6DF8EF20C7E4BC00280E84 /* chair7.jpg */; };
		1B6DF8F620C7F26700280E84 /* QuestionPartOne.swift in Sources */ = {isa = PBXBuildFile; fileRef = 1B6DF8F420C7F26700280E84 /* QuestionPartOne.swift */; };
		1B6DF8F720C7F26700280E84 /* QuestionPartOne.xib in Resources */ = {isa = PBXBuildFile; fileRef = 1B6DF8F520C7F26700280E84 /* QuestionPartOne.xib */; };
		1B6DF8FA20C7F2A400280E84 /* StartOrderd.swift in Sources */ = {isa = PBXBuildFile; fileRef = 1B6DF8F820C7F2A400280E84 /* StartOrderd.swift */; };
		1B6DF8FB20C7F2A400280E84 /* StartOrderd.xib in Resources */ = {isa = PBXBuildFile; fileRef = 1B6DF8F920C7F2A400280E84 /* StartOrderd.xib */; };
		1B6DF8FE20C8102900280E84 /* on.png in Resources */ = {isa = PBXBuildFile; fileRef = 1B6DF8FC20C8102700280E84 /* on.png */; };
		1B6DF8FF20C8102900280E84 /* off.png in Resources */ = {isa = PBXBuildFile; fileRef = 1B6DF8FD20C8102800280E84 /* off.png */; };
		1B7289E820EB6BCB00C5D395 /* info.png in Resources */ = {isa = PBXBuildFile; fileRef = 1B7289E720EB6BCA00C5D395 /* info.png */; };
		1BB9C4C020C8F8E10028A48A /* OrderProccessing.swift in Sources */ = {isa = PBXBuildFile; fileRef = 1BB9C4BE20C8F8E10028A48A /* OrderProccessing.swift */; };
		1BB9C4C120C8F8E10028A48A /* OrderProccessing.xib in Resources */ = {isa = PBXBuildFile; fileRef = 1BB9C4BF20C8F8E10028A48A /* OrderProccessing.xib */; };
		1BB9C4C420C8FA620028A48A /* orderProcell.swift in Sources */ = {isa = PBXBuildFile; fileRef = 1BB9C4C220C8FA620028A48A /* orderProcell.swift */; };
		1BB9C4C520C8FA620028A48A /* orderProcell.xib in Resources */ = {isa = PBXBuildFile; fileRef = 1BB9C4C320C8FA620028A48A /* orderProcell.xib */; };
		1BB9C4C820C960B10028A48A /* banner.png in Resources */ = {isa = PBXBuildFile; fileRef = 1BB9C4C620C960AF0028A48A /* banner.png */; };
		1BB9C4C920C960B10028A48A /* chair.png in Resources */ = {isa = PBXBuildFile; fileRef = 1BB9C4C720C960B00028A48A /* chair.png */; };
		1BCC0A4220EB419300196F69 /* OrderProccessingThird.swift in Sources */ = {isa = PBXBuildFile; fileRef = 1BCC0A4120EB419300196F69 /* OrderProccessingThird.swift */; };
		1BCC0A4420EB419D00196F69 /* OrderProccessingThird.xib in Resources */ = {isa = PBXBuildFile; fileRef = 1BCC0A4320EB419D00196F69 /* OrderProccessingThird.xib */; };
		1BE313B520CE6ABD004F1931 /* OrderProccessingSecond.swift in Sources */ = {isa = PBXBuildFile; fileRef = 1BE313B420CE6ABD004F1931 /* OrderProccessingSecond.swift */; };
		1BE313B720CE6B17004F1931 /* OrderProccessingSecond.xib in Resources */ = {isa = PBXBuildFile; fileRef = 1BE313B620CE6B17004F1931 /* OrderProccessingSecond.xib */; };
		1BECAEFD20D24DF50050AE31 /* SForgotPass.swift in Sources */ = {isa = PBXBuildFile; fileRef = 1BECAEFB20D24DF50050AE31 /* SForgotPass.swift */; };
		1BECAEFE20D24DF50050AE31 /* SForgotPass.xib in Resources */ = {isa = PBXBuildFile; fileRef = 1BECAEFC20D24DF50050AE31 /* SForgotPass.xib */; };
		1BEFEAA620CA46DD00400AF1 /* watermark.png in Resources */ = {isa = PBXBuildFile; fileRef = 1BEFEAA520CA46DC00400AF1 /* watermark.png */; };
		1BF27F3E20E608740014B84E /* ModifieModel.swift in Sources */ = {isa = PBXBuildFile; fileRef = 1BF27F3C20E608740014B84E /* ModifieModel.swift */; };
		1BF27F4120E60B5E0014B84E /* ModifieModel.xib in Resources */ = {isa = PBXBuildFile; fileRef = 1BF27F4020E60B5E0014B84E /* ModifieModel.xib */; };
		1BF27F4320E633430014B84E /* Section.swift in Sources */ = {isa = PBXBuildFile; fileRef = 1BF27F4220E633430014B84E /* Section.swift */; };
		1BF27F4620E635820014B84E /* HeaderCell.swift in Sources */ = {isa = PBXBuildFile; fileRef = 1BF27F4420E635820014B84E /* HeaderCell.swift */; };
		1BF27F4720E635820014B84E /* HeaderCell.xib in Resources */ = {isa = PBXBuildFile; fileRef = 1BF27F4520E635820014B84E /* HeaderCell.xib */; };
		3B01AAE020C6D7E900291522 /* AppDelegate.swift in Sources */ = {isa = PBXBuildFile; fileRef = 3B01AADF20C6D7E900291522 /* AppDelegate.swift */; };
		3B01AAE220C6D7E900291522 /* ViewController.swift in Sources */ = {isa = PBXBuildFile; fileRef = 3B01AAE120C6D7E900291522 /* ViewController.swift */; };
		3B01AAE720C6D7EC00291522 /* Assets.xcassets in Resources */ = {isa = PBXBuildFile; fileRef = 3B01AAE620C6D7EC00291522 /* Assets.xcassets */; };
		3B01AAEA20C6D7EC00291522 /* LaunchScreen.storyboard in Resources */ = {isa = PBXBuildFile; fileRef = 3B01AAE820C6D7EC00291522 /* LaunchScreen.storyboard */; };
		3B01AAF520C6D7EC00291522 /* SitmaticTests.swift in Sources */ = {isa = PBXBuildFile; fileRef = 3B01AAF420C6D7EC00291522 /* SitmaticTests.swift */; };
		3B01AB0020C6D7EC00291522 /* SitmaticUITests.swift in Sources */ = {isa = PBXBuildFile; fileRef = 3B01AAFF20C6D7EC00291522 /* SitmaticUITests.swift */; };
		3B01AB0F20C6D87300291522 /* SSLoginVC.swift in Sources */ = {isa = PBXBuildFile; fileRef = 3B01AB0D20C6D87300291522 /* SSLoginVC.swift */; };
		3B01AB1020C6D87300291522 /* SSLoginVC.xib in Resources */ = {isa = PBXBuildFile; fileRef = 3B01AB0E20C6D87300291522 /* SSLoginVC.xib */; };
		3B01AB2320C6D98300291522 /* Extentions.swift in Sources */ = {isa = PBXBuildFile; fileRef = 3B01AB1220C6D98300291522 /* Extentions.swift */; };
		3B01AB2420C6D98300291522 /* ServiceClass.swift in Sources */ = {isa = PBXBuildFile; fileRef = 3B01AB1320C6D98300291522 /* ServiceClass.swift */; };
		3B01AB2520C6D98300291522 /* BaseViewController.swift in Sources */ = {isa = PBXBuildFile; fileRef = 3B01AB1420C6D98300291522 /* BaseViewController.swift */; };
		3B01AB2720C6D98400291522 /* TopBar.xib in Resources */ = {isa = PBXBuildFile; fileRef = 3B01AB1620C6D98300291522 /* TopBar.xib */; };
		3B01AB2820C6D98400291522 /* ECSHelper.swift in Sources */ = {isa = PBXBuildFile; fileRef = 3B01AB1820C6D98300291522 /* ECSHelper.swift */; };
		3B01AB2920C6D98400291522 /* ServiceConstants.swift in Sources */ = {isa = PBXBuildFile; fileRef = 3B01AB1920C6D98300291522 /* ServiceConstants.swift */; };
		3B01AB2A20C6D98400291522 /* UIExtentions.swift in Sources */ = {isa = PBXBuildFile; fileRef = 3B01AB1B20C6D98300291522 /* UIExtentions.swift */; };
		3B01AB2B20C6D98400291522 /* TopBar.swift in Sources */ = {isa = PBXBuildFile; fileRef = 3B01AB1C20C6D98300291522 /* TopBar.swift */; };
		3B01AB2D20C6D98400291522 /* UIWindow.swift in Sources */ = {isa = PBXBuildFile; fileRef = 3B01AB1F20C6D98300291522 /* UIWindow.swift */; };
		3B01AB2E20C6D98400291522 /* ServiceHelper.swift in Sources */ = {isa = PBXBuildFile; fileRef = 3B01AB2020C6D98300291522 /* ServiceHelper.swift */; };
		3B01AB2F20C6D98400291522 /* Constaint.swift in Sources */ = {isa = PBXBuildFile; fileRef = 3B01AB2120C6D98300291522 /* Constaint.swift */; };
		3B01AB3020C6D98400291522 /* LocalText.json in Resources */ = {isa = PBXBuildFile; fileRef = 3B01AB2220C6D98300291522 /* LocalText.json */; };
		3B01AB3920C6DAB900291522 /* AppUserObject.m in Sources */ = {isa = PBXBuildFile; fileRef = 3B01AB3820C6DAB900291522 /* AppUserObject.m */; };
		3B01AB3E20C6DE3400291522 /* lbackground.jpg in Resources */ = {isa = PBXBuildFile; fileRef = 3B01AB3B20C6DE3300291522 /* lbackground.jpg */; };
		3B01AB3F20C6DE3400291522 /* sitmaticsplash.png in Resources */ = {isa = PBXBuildFile; fileRef = 3B01AB3C20C6DE3400291522 /* sitmaticsplash.png */; };
		3B01AB4020C6DE3400291522 /* background.jpg in Resources */ = {isa = PBXBuildFile; fileRef = 3B01AB3D20C6DE3400291522 /* background.jpg */; };
		3B01AB4220C6E18400291522 /* sitmaticlogo.png in Resources */ = {isa = PBXBuildFile; fileRef = 3B01AB4120C6E18400291522 /* sitmaticlogo.png */; };
		3B01AB4420C6E7B400291522 /* login.png in Resources */ = {isa = PBXBuildFile; fileRef = 3B01AB4320C6E7B300291522 /* login.png */; };
		3B01AB4620C6F06000291522 /* SSignupVC.swift in Sources */ = {isa = PBXBuildFile; fileRef = 3B01AB4520C6F06000291522 /* SSignupVC.swift */; };
		3B01AB4820C6F06B00291522 /* SSignupVC.xib in Resources */ = {isa = PBXBuildFile; fileRef = 3B01AB4720C6F06B00291522 /* SSignupVC.xib */; };
		54C058CD68CE7384BBDB758D /* Pods_SitmaticTests.framework in Frameworks */ = {isa = PBXBuildFile; fileRef = 2F0CCBF4C24C3822FF13BE5D /* Pods_SitmaticTests.framework */; };
		8D083A8561EF3FFD80745AC3 /* Pods_SitmaticUITests.framework in Frameworks */ = {isa = PBXBuildFile; fileRef = DE4BF112AAE98A85A982B556 /* Pods_SitmaticUITests.framework */; };
		AC86E18E01F71DC8909DA121 /* Pods_Sitmatic.framework in Frameworks */ = {isa = PBXBuildFile; fileRef = B65637EAF789F0BF584848B5 /* Pods_Sitmatic.framework */; };
/* End PBXBuildFile section */

/* Begin PBXContainerItemProxy section */
		3B01AAF120C6D7EC00291522 /* PBXContainerItemProxy */ = {
			isa = PBXContainerItemProxy;
			containerPortal = 3B01AAD420C6D7E900291522 /* Project object */;
			proxyType = 1;
			remoteGlobalIDString = 3B01AADB20C6D7E900291522;
			remoteInfo = Sitmatic;
		};
		3B01AAFC20C6D7EC00291522 /* PBXContainerItemProxy */ = {
			isa = PBXContainerItemProxy;
			containerPortal = 3B01AAD420C6D7E900291522 /* Project object */;
			proxyType = 1;
			remoteGlobalIDString = 3B01AADB20C6D7E900291522;
			remoteInfo = Sitmatic;
		};
/* End PBXContainerItemProxy section */

/* Begin PBXFileReference section */
		1B2E011C20C79ED400B34645 /* SProfileVC.swift */ = {isa = PBXFileReference; lastKnownFileType = sourcecode.swift; path = SProfileVC.swift; sourceTree = "<group>"; };
		1B2E011D20C79ED400B34645 /* SProfileVC.xib */ = {isa = PBXFileReference; lastKnownFileType = file.xib; path = SProfileVC.xib; sourceTree = "<group>"; };
		1B2E012020C79EFD00B34645 /* SHomeVC.swift */ = {isa = PBXFileReference; lastKnownFileType = sourcecode.swift; path = SHomeVC.swift; sourceTree = "<group>"; };
		1B2E012120C79EFD00B34645 /* SHomeVC.xib */ = {isa = PBXFileReference; lastKnownFileType = file.xib; path = SHomeVC.xib; sourceTree = "<group>"; };
		1B2E012420C7A4E500B34645 /* Roboto-Regular.ttf */ = {isa = PBXFileReference; lastKnownFileType = file; path = "Roboto-Regular.ttf"; sourceTree = "<group>"; };
		1B2E012620C7AAE900B34645 /* male.png */ = {isa = PBXFileReference; lastKnownFileType = image.png; path = male.png; sourceTree = "<group>"; };
		1B2E012820C7AC7200B34645 /* left-arrow.png */ = {isa = PBXFileReference; lastKnownFileType = image.png; path = "left-arrow.png"; sourceTree = "<group>"; };
		1B2E012A20C7AED800B34645 /* edit.png */ = {isa = PBXFileReference; lastKnownFileType = image.png; path = edit.png; sourceTree = "<group>"; };
		1B2E012C20C7B3F200B34645 /* 1242_2208.png */ = {isa = PBXFileReference; lastKnownFileType = image.png; path = 1242_2208.png; sourceTree = "<group>"; };
		1B2E012D20C7B3F300B34645 /* 640_1136.png */ = {isa = PBXFileReference; lastKnownFileType = image.png; path = 640_1136.png; sourceTree = "<group>"; };
		1B2E012E20C7B3F400B34645 /* 750_1334.png */ = {isa = PBXFileReference; lastKnownFileType = image.png; path = 750_1334.png; sourceTree = "<group>"; };
		1B2E012F20C7B3F500B34645 /* 640_960.png */ = {isa = PBXFileReference; lastKnownFileType = image.png; path = 640_960.png; sourceTree = "<group>"; };
		1B2E013420C7B68900B34645 /* 1125_2436.png */ = {isa = PBXFileReference; lastKnownFileType = image.png; path = 1125_2436.png; sourceTree = "<group>"; };
		1B48805520CA5C3D008AC3DD /* QuestionDataSecond.swift */ = {isa = PBXFileReference; fileEncoding = 4; lastKnownFileType = sourcecode.swift; path = QuestionDataSecond.swift; sourceTree = "<group>"; };
		1B48805720CA794D008AC3DD /* QuartzCore.framework */ = {isa = PBXFileReference; lastKnownFileType = wrapper.framework; name = QuartzCore.framework; path = System/Library/Frameworks/QuartzCore.framework; sourceTree = SDKROOT; };
		1B48805920CA797C008AC3DD /* SweetAlert.swift */ = {isa = PBXFileReference; fileEncoding = 4; lastKnownFileType = sourcecode.swift; path = SweetAlert.swift; sourceTree = "<group>"; };
		1B48805B20CA8CD2008AC3DD /* next.png */ = {isa = PBXFileReference; lastKnownFileType = image.png; path = next.png; sourceTree = "<group>"; };
		1B48805C20CA8CD2008AC3DD /* previous.png */ = {isa = PBXFileReference; lastKnownFileType = image.png; path = previous.png; sourceTree = "<group>"; };
		1B48805D20CA8CD3008AC3DD /* cancel.png */ = {isa = PBXFileReference; lastKnownFileType = image.png; path = cancel.png; sourceTree = "<group>"; };
		1B555F5090C838A9FE7EBEC3 /* Pods-Sitmatic.release.xcconfig */ = {isa = PBXFileReference; includeInIndex = 1; lastKnownFileType = text.xcconfig; name = "Pods-Sitmatic.release.xcconfig"; path = "Pods/Target Support Files/Pods-Sitmatic/Pods-Sitmatic.release.xcconfig"; sourceTree = "<group>"; };
		1B6DF8D720C7BF6C00280E84 /* nouser.png */ = {isa = PBXFileReference; lastKnownFileType = image.png; path = nouser.png; sourceTree = "<group>"; };
		1B6DF8D920C7C72F00280E84 /* logout.png */ = {isa = PBXFileReference; lastKnownFileType = image.png; path = logout.png; sourceTree = "<group>"; };
		1B6DF8DB20C7DB2800280E84 /* slider1.png */ = {isa = PBXFileReference; lastKnownFileType = image.png; path = slider1.png; sourceTree = "<group>"; };
		1B6DF8DC20C7DB2800280E84 /* slider2.jpg */ = {isa = PBXFileReference; lastKnownFileType = image.jpeg; path = slider2.jpg; sourceTree = "<group>"; };
		1B6DF8DD20C7DB2800280E84 /* slider3.jpg */ = {isa = PBXFileReference; lastKnownFileType = image.jpeg; path = slider3.jpg; sourceTree = "<group>"; };
		1B6DF8E120C7E05B00280E84 /* orderbtn.png */ = {isa = PBXFileReference; lastKnownFileType = image.png; path = orderbtn.png; sourceTree = "<group>"; };
		1B6DF8E820C7E38200280E84 /* HomeCell.swift */ = {isa = PBXFileReference; lastKnownFileType = sourcecode.swift; path = HomeCell.swift; sourceTree = "<group>"; };
		1B6DF8E920C7E38200280E84 /* HomeCell.xib */ = {isa = PBXFileReference; lastKnownFileType = file.xib; path = HomeCell.xib; sourceTree = "<group>"; };
		1B6DF8EC20C7E4BC00280E84 /* Chair2.jpg */ = {isa = PBXFileReference; lastKnownFileType = image.jpeg; path = Chair2.jpg; sourceTree = "<group>"; };
		1B6DF8ED20C7E4BC00280E84 /* Chair1.jpg */ = {isa = PBXFileReference; lastKnownFileType = image.jpeg; path = Chair1.jpg; sourceTree = "<group>"; };
		1B6DF8EE20C7E4BC00280E84 /* chair3.jpg */ = {isa = PBXFileReference; lastKnownFileType = image.jpeg; path = chair3.jpg; sourceTree = "<group>"; };
		1B6DF8EF20C7E4BC00280E84 /* chair7.jpg */ = {isa = PBXFileReference; lastKnownFileType = image.jpeg; path = chair7.jpg; sourceTree = "<group>"; };
		1B6DF8F420C7F26700280E84 /* QuestionPartOne.swift */ = {isa = PBXFileReference; lastKnownFileType = sourcecode.swift; name = QuestionPartOne.swift; path = Sitmatic/Cell/QuestionPartOne.swift; sourceTree = SOURCE_ROOT; };
		1B6DF8F520C7F26700280E84 /* QuestionPartOne.xib */ = {isa = PBXFileReference; lastKnownFileType = file.xib; name = QuestionPartOne.xib; path = Sitmatic/Cell/QuestionPartOne.xib; sourceTree = SOURCE_ROOT; };
		1B6DF8F820C7F2A400280E84 /* StartOrderd.swift */ = {isa = PBXFileReference; lastKnownFileType = sourcecode.swift; path = StartOrderd.swift; sourceTree = "<group>"; };
		1B6DF8F920C7F2A400280E84 /* StartOrderd.xib */ = {isa = PBXFileReference; lastKnownFileType = file.xib; path = StartOrderd.xib; sourceTree = "<group>"; };
		1B6DF8FC20C8102700280E84 /* on.png */ = {isa = PBXFileReference; lastKnownFileType = image.png; path = on.png; sourceTree = "<group>"; };
		1B6DF8FD20C8102800280E84 /* off.png */ = {isa = PBXFileReference; lastKnownFileType = image.png; path = off.png; sourceTree = "<group>"; };
		1B7289E720EB6BCA00C5D395 /* info.png */ = {isa = PBXFileReference; lastKnownFileType = image.png; path = info.png; sourceTree = "<group>"; };
		1BB9C4BE20C8F8E10028A48A /* OrderProccessing.swift */ = {isa = PBXFileReference; lastKnownFileType = sourcecode.swift; path = OrderProccessing.swift; sourceTree = "<group>"; };
		1BB9C4BF20C8F8E10028A48A /* OrderProccessing.xib */ = {isa = PBXFileReference; lastKnownFileType = file.xib; path = OrderProccessing.xib; sourceTree = "<group>"; };
		1BB9C4C220C8FA620028A48A /* orderProcell.swift */ = {isa = PBXFileReference; lastKnownFileType = sourcecode.swift; path = orderProcell.swift; sourceTree = "<group>"; };
		1BB9C4C320C8FA620028A48A /* orderProcell.xib */ = {isa = PBXFileReference; lastKnownFileType = file.xib; path = orderProcell.xib; sourceTree = "<group>"; };
		1BB9C4C620C960AF0028A48A /* banner.png */ = {isa = PBXFileReference; lastKnownFileType = image.png; path = banner.png; sourceTree = "<group>"; };
		1BB9C4C720C960B00028A48A /* chair.png */ = {isa = PBXFileReference; lastKnownFileType = image.png; path = chair.png; sourceTree = "<group>"; };
		1BCC0A4120EB419300196F69 /* OrderProccessingThird.swift */ = {isa = PBXFileReference; fileEncoding = 4; lastKnownFileType = sourcecode.swift; path = OrderProccessingThird.swift; sourceTree = "<group>"; };
		1BCC0A4320EB419D00196F69 /* OrderProccessingThird.xib */ = {isa = PBXFileReference; fileEncoding = 4; lastKnownFileType = file.xib; path = OrderProccessingThird.xib; sourceTree = "<group>"; };
		1BE313B420CE6ABD004F1931 /* OrderProccessingSecond.swift */ = {isa = PBXFileReference; fileEncoding = 4; lastKnownFileType = sourcecode.swift; path = OrderProccessingSecond.swift; sourceTree = "<group>"; };
		1BE313B620CE6B17004F1931 /* OrderProccessingSecond.xib */ = {isa = PBXFileReference; fileEncoding = 4; lastKnownFileType = file.xib; path = OrderProccessingSecond.xib; sourceTree = "<group>"; };
		1BECAEFB20D24DF50050AE31 /* SForgotPass.swift */ = {isa = PBXFileReference; lastKnownFileType = sourcecode.swift; path = SForgotPass.swift; sourceTree = "<group>"; };
		1BECAEFC20D24DF50050AE31 /* SForgotPass.xib */ = {isa = PBXFileReference; lastKnownFileType = file.xib; path = SForgotPass.xib; sourceTree = "<group>"; };
		1BEFEAA520CA46DC00400AF1 /* watermark.png */ = {isa = PBXFileReference; lastKnownFileType = image.png; path = watermark.png; sourceTree = "<group>"; };
		1BF27F3C20E608740014B84E /* ModifieModel.swift */ = {isa = PBXFileReference; lastKnownFileType = sourcecode.swift; path = ModifieModel.swift; sourceTree = "<group>"; };
		1BF27F4020E60B5E0014B84E /* ModifieModel.xib */ = {isa = PBXFileReference; fileEncoding = 4; lastKnownFileType = file.xib; path = ModifieModel.xib; sourceTree = "<group>"; };
		1BF27F4220E633430014B84E /* Section.swift */ = {isa = PBXFileReference; lastKnownFileType = sourcecode.swift; path = Section.swift; sourceTree = "<group>"; };
		1BF27F4420E635820014B84E /* HeaderCell.swift */ = {isa = PBXFileReference; lastKnownFileType = sourcecode.swift; path = HeaderCell.swift; sourceTree = "<group>"; };
		1BF27F4520E635820014B84E /* HeaderCell.xib */ = {isa = PBXFileReference; lastKnownFileType = file.xib; path = HeaderCell.xib; sourceTree = "<group>"; };
		2F0CCBF4C24C3822FF13BE5D /* Pods_SitmaticTests.framework */ = {isa = PBXFileReference; explicitFileType = wrapper.framework; includeInIndex = 0; path = Pods_SitmaticTests.framework; sourceTree = BUILT_PRODUCTS_DIR; };
		3B01AADC20C6D7E900291522 /* Sitmatic.app */ = {isa = PBXFileReference; explicitFileType = wrapper.application; includeInIndex = 0; path = Sitmatic.app; sourceTree = BUILT_PRODUCTS_DIR; };
		3B01AADF20C6D7E900291522 /* AppDelegate.swift */ = {isa = PBXFileReference; lastKnownFileType = sourcecode.swift; path = AppDelegate.swift; sourceTree = "<group>"; };
		3B01AAE120C6D7E900291522 /* ViewController.swift */ = {isa = PBXFileReference; lastKnownFileType = sourcecode.swift; path = ViewController.swift; sourceTree = "<group>"; };
		3B01AAE620C6D7EC00291522 /* Assets.xcassets */ = {isa = PBXFileReference; lastKnownFileType = folder.assetcatalog; path = Assets.xcassets; sourceTree = "<group>"; };
		3B01AAE920C6D7EC00291522 /* Base */ = {isa = PBXFileReference; lastKnownFileType = file.storyboard; name = Base; path = Base.lproj/LaunchScreen.storyboard; sourceTree = "<group>"; };
		3B01AAEB20C6D7EC00291522 /* Info.plist */ = {isa = PBXFileReference; lastKnownFileType = text.plist.xml; path = Info.plist; sourceTree = "<group>"; };
		3B01AAF020C6D7EC00291522 /* SitmaticTests.xctest */ = {isa = PBXFileReference; explicitFileType = wrapper.cfbundle; includeInIndex = 0; path = SitmaticTests.xctest; sourceTree = BUILT_PRODUCTS_DIR; };
		3B01AAF420C6D7EC00291522 /* SitmaticTests.swift */ = {isa = PBXFileReference; lastKnownFileType = sourcecode.swift; path = SitmaticTests.swift; sourceTree = "<group>"; };
		3B01AAF620C6D7EC00291522 /* Info.plist */ = {isa = PBXFileReference; lastKnownFileType = text.plist.xml; path = Info.plist; sourceTree = "<group>"; };
		3B01AAFB20C6D7EC00291522 /* SitmaticUITests.xctest */ = {isa = PBXFileReference; explicitFileType = wrapper.cfbundle; includeInIndex = 0; path = SitmaticUITests.xctest; sourceTree = BUILT_PRODUCTS_DIR; };
		3B01AAFF20C6D7EC00291522 /* SitmaticUITests.swift */ = {isa = PBXFileReference; lastKnownFileType = sourcecode.swift; path = SitmaticUITests.swift; sourceTree = "<group>"; };
		3B01AB0120C6D7EC00291522 /* Info.plist */ = {isa = PBXFileReference; lastKnownFileType = text.plist.xml; path = Info.plist; sourceTree = "<group>"; };
		3B01AB0D20C6D87300291522 /* SSLoginVC.swift */ = {isa = PBXFileReference; lastKnownFileType = sourcecode.swift; path = SSLoginVC.swift; sourceTree = "<group>"; };
		3B01AB0E20C6D87300291522 /* SSLoginVC.xib */ = {isa = PBXFileReference; lastKnownFileType = file.xib; path = SSLoginVC.xib; sourceTree = "<group>"; };
		3B01AB1220C6D98300291522 /* Extentions.swift */ = {isa = PBXFileReference; fileEncoding = 4; lastKnownFileType = sourcecode.swift; path = Extentions.swift; sourceTree = "<group>"; };
		3B01AB1320C6D98300291522 /* ServiceClass.swift */ = {isa = PBXFileReference; fileEncoding = 4; lastKnownFileType = sourcecode.swift; path = ServiceClass.swift; sourceTree = "<group>"; };
		3B01AB1420C6D98300291522 /* BaseViewController.swift */ = {isa = PBXFileReference; fileEncoding = 4; lastKnownFileType = sourcecode.swift; path = BaseViewController.swift; sourceTree = "<group>"; };
		3B01AB1620C6D98300291522 /* TopBar.xib */ = {isa = PBXFileReference; fileEncoding = 4; lastKnownFileType = file.xib; path = TopBar.xib; sourceTree = "<group>"; };
		3B01AB1820C6D98300291522 /* ECSHelper.swift */ = {isa = PBXFileReference; fileEncoding = 4; lastKnownFileType = sourcecode.swift; path = ECSHelper.swift; sourceTree = "<group>"; };
		3B01AB1920C6D98300291522 /* ServiceConstants.swift */ = {isa = PBXFileReference; fileEncoding = 4; lastKnownFileType = sourcecode.swift; path = ServiceConstants.swift; sourceTree = "<group>"; };
		3B01AB1A20C6D98300291522 /* Enums.h */ = {isa = PBXFileReference; fileEncoding = 4; lastKnownFileType = sourcecode.c.h; path = Enums.h; sourceTree = "<group>"; };
		3B01AB1B20C6D98300291522 /* UIExtentions.swift */ = {isa = PBXFileReference; fileEncoding = 4; lastKnownFileType = sourcecode.swift; path = UIExtentions.swift; sourceTree = "<group>"; };
		3B01AB1C20C6D98300291522 /* TopBar.swift */ = {isa = PBXFileReference; fileEncoding = 4; lastKnownFileType = sourcecode.swift; path = TopBar.swift; sourceTree = "<group>"; };
		3B01AB1F20C6D98300291522 /* UIWindow.swift */ = {isa = PBXFileReference; fileEncoding = 4; lastKnownFileType = sourcecode.swift; path = UIWindow.swift; sourceTree = "<group>"; };
		3B01AB2020C6D98300291522 /* ServiceHelper.swift */ = {isa = PBXFileReference; fileEncoding = 4; lastKnownFileType = sourcecode.swift; path = ServiceHelper.swift; sourceTree = "<group>"; };
		3B01AB2120C6D98300291522 /* Constaint.swift */ = {isa = PBXFileReference; fileEncoding = 4; lastKnownFileType = sourcecode.swift; path = Constaint.swift; sourceTree = "<group>"; };
		3B01AB2220C6D98300291522 /* LocalText.json */ = {isa = PBXFileReference; fileEncoding = 4; lastKnownFileType = text.json; path = LocalText.json; sourceTree = "<group>"; };
		3B01AB3620C6DAB700291522 /* Sitmatic-Bridging-Header.h */ = {isa = PBXFileReference; lastKnownFileType = sourcecode.c.h; path = "Sitmatic-Bridging-Header.h"; sourceTree = "<group>"; };
		3B01AB3720C6DAB800291522 /* AppUserObject.h */ = {isa = PBXFileReference; fileEncoding = 4; lastKnownFileType = sourcecode.c.h; path = AppUserObject.h; sourceTree = "<group>"; };
		3B01AB3820C6DAB900291522 /* AppUserObject.m */ = {isa = PBXFileReference; fileEncoding = 4; lastKnownFileType = sourcecode.c.objc; path = AppUserObject.m; sourceTree = "<group>"; };
		3B01AB3B20C6DE3300291522 /* lbackground.jpg */ = {isa = PBXFileReference; lastKnownFileType = image.jpeg; path = lbackground.jpg; sourceTree = "<group>"; };
		3B01AB3C20C6DE3400291522 /* sitmaticsplash.png */ = {isa = PBXFileReference; lastKnownFileType = image.png; path = sitmaticsplash.png; sourceTree = "<group>"; };
		3B01AB3D20C6DE3400291522 /* background.jpg */ = {isa = PBXFileReference; lastKnownFileType = image.jpeg; path = background.jpg; sourceTree = "<group>"; };
		3B01AB4120C6E18400291522 /* sitmaticlogo.png */ = {isa = PBXFileReference; lastKnownFileType = image.png; path = sitmaticlogo.png; sourceTree = "<group>"; };
		3B01AB4320C6E7B300291522 /* login.png */ = {isa = PBXFileReference; lastKnownFileType = image.png; path = login.png; sourceTree = "<group>"; };
		3B01AB4520C6F06000291522 /* SSignupVC.swift */ = {isa = PBXFileReference; fileEncoding = 4; lastKnownFileType = sourcecode.swift; path = SSignupVC.swift; sourceTree = "<group>"; };
		3B01AB4720C6F06B00291522 /* SSignupVC.xib */ = {isa = PBXFileReference; fileEncoding = 4; lastKnownFileType = file.xib; path = SSignupVC.xib; sourceTree = "<group>"; };
		67BEAEA9DC6C1C17D5432660 /* Pods-SitmaticUITests.release.xcconfig */ = {isa = PBXFileReference; includeInIndex = 1; lastKnownFileType = text.xcconfig; name = "Pods-SitmaticUITests.release.xcconfig"; path = "Pods/Target Support Files/Pods-SitmaticUITests/Pods-SitmaticUITests.release.xcconfig"; sourceTree = "<group>"; };
		7FB869A65EB39DF955C5DACB /* Pods-SitmaticUITests.debug.xcconfig */ = {isa = PBXFileReference; includeInIndex = 1; lastKnownFileType = text.xcconfig; name = "Pods-SitmaticUITests.debug.xcconfig"; path = "Pods/Target Support Files/Pods-SitmaticUITests/Pods-SitmaticUITests.debug.xcconfig"; sourceTree = "<group>"; };
		9510C42ABACFDA2EC45DD131 /* Pods-SitmaticTests.release.xcconfig */ = {isa = PBXFileReference; includeInIndex = 1; lastKnownFileType = text.xcconfig; name = "Pods-SitmaticTests.release.xcconfig"; path = "Pods/Target Support Files/Pods-SitmaticTests/Pods-SitmaticTests.release.xcconfig"; sourceTree = "<group>"; };
		AAE43908D6137391BBBA386F /* Pods-SitmaticTests.debug.xcconfig */ = {isa = PBXFileReference; includeInIndex = 1; lastKnownFileType = text.xcconfig; name = "Pods-SitmaticTests.debug.xcconfig"; path = "Pods/Target Support Files/Pods-SitmaticTests/Pods-SitmaticTests.debug.xcconfig"; sourceTree = "<group>"; };
		B65637EAF789F0BF584848B5 /* Pods_Sitmatic.framework */ = {isa = PBXFileReference; explicitFileType = wrapper.framework; includeInIndex = 0; path = Pods_Sitmatic.framework; sourceTree = BUILT_PRODUCTS_DIR; };
		DE4BF112AAE98A85A982B556 /* Pods_SitmaticUITests.framework */ = {isa = PBXFileReference; explicitFileType = wrapper.framework; includeInIndex = 0; path = Pods_SitmaticUITests.framework; sourceTree = BUILT_PRODUCTS_DIR; };
		F8B808977427C05FB4E96F46 /* Pods-Sitmatic.debug.xcconfig */ = {isa = PBXFileReference; includeInIndex = 1; lastKnownFileType = text.xcconfig; name = "Pods-Sitmatic.debug.xcconfig"; path = "Pods/Target Support Files/Pods-Sitmatic/Pods-Sitmatic.debug.xcconfig"; sourceTree = "<group>"; };
/* End PBXFileReference section */

/* Begin PBXFrameworksBuildPhase section */
		3B01AAD920C6D7E900291522 /* Frameworks */ = {
			isa = PBXFrameworksBuildPhase;
			buildActionMask = 2147483647;
			files = (
				1B48805820CA794D008AC3DD /* QuartzCore.framework in Frameworks */,
				AC86E18E01F71DC8909DA121 /* Pods_Sitmatic.framework in Frameworks */,
			);
			runOnlyForDeploymentPostprocessing = 0;
		};
		3B01AAED20C6D7EC00291522 /* Frameworks */ = {
			isa = PBXFrameworksBuildPhase;
			buildActionMask = 2147483647;
			files = (
				54C058CD68CE7384BBDB758D /* Pods_SitmaticTests.framework in Frameworks */,
			);
			runOnlyForDeploymentPostprocessing = 0;
		};
		3B01AAF820C6D7EC00291522 /* Frameworks */ = {
			isa = PBXFrameworksBuildPhase;
			buildActionMask = 2147483647;
			files = (
				8D083A8561EF3FFD80745AC3 /* Pods_SitmaticUITests.framework in Frameworks */,
			);
			runOnlyForDeploymentPostprocessing = 0;
		};
/* End PBXFrameworksBuildPhase section */

/* Begin PBXGroup section */
		1B6DF8E320C7E32E00280E84 /* Cell */ = {
			isa = PBXGroup;
			children = (
				1B6DF8E820C7E38200280E84 /* HomeCell.swift */,
				1B6DF8F420C7F26700280E84 /* QuestionPartOne.swift */,
				1B6DF8F520C7F26700280E84 /* QuestionPartOne.xib */,
				1B6DF8E920C7E38200280E84 /* HomeCell.xib */,
				1BB9C4C220C8FA620028A48A /* orderProcell.swift */,
				1BB9C4C320C8FA620028A48A /* orderProcell.xib */,
				1BF27F4420E635820014B84E /* HeaderCell.swift */,
				1BF27F4520E635820014B84E /* HeaderCell.xib */,
			);
			path = Cell;
			sourceTree = "<group>";
		};
		3B01AAD320C6D7E900291522 = {
			isa = PBXGroup;
			children = (
				1B2E012420C7A4E500B34645 /* Roboto-Regular.ttf */,
				3B01AADE20C6D7E900291522 /* Sitmatic */,
				3B01AAF320C6D7EC00291522 /* SitmaticTests */,
				3B01AAFE20C6D7EC00291522 /* SitmaticUITests */,
				3B01AADD20C6D7E900291522 /* Products */,
				4EAF5916F2D5084BD1E217C6 /* Pods */,
				A37D2E25440E7DEF53D8E939 /* Frameworks */,
			);
			sourceTree = "<group>";
		};
		3B01AADD20C6D7E900291522 /* Products */ = {
			isa = PBXGroup;
			children = (
				3B01AADC20C6D7E900291522 /* Sitmatic.app */,
				3B01AAF020C6D7EC00291522 /* SitmaticTests.xctest */,
				3B01AAFB20C6D7EC00291522 /* SitmaticUITests.xctest */,
			);
			name = Products;
			sourceTree = "<group>";
		};
		3B01AADE20C6D7E900291522 /* Sitmatic */ = {
			isa = PBXGroup;
			children = (
				1B48805520CA5C3D008AC3DD /* QuestionDataSecond.swift */,
				3B01AADF20C6D7E900291522 /* AppDelegate.swift */,
				1B6DF8E320C7E32E00280E84 /* Cell */,
				3B01AB1120C6D98300291522 /* SwiftHelper */,
				3B01AB3120C6D98F00291522 /* Controller */,
				3B01AB3220C6D9A900291522 /* View */,
				3B01AB3A20C6DD7700291522 /* Images */,
				3B01AAE120C6D7E900291522 /* ViewController.swift */,
				3B01AAE620C6D7EC00291522 /* Assets.xcassets */,
				3B01AAE820C6D7EC00291522 /* LaunchScreen.storyboard */,
				3B01AAEB20C6D7EC00291522 /* Info.plist */,
			);
			path = Sitmatic;
			sourceTree = "<group>";
		};
		3B01AAF320C6D7EC00291522 /* SitmaticTests */ = {
			isa = PBXGroup;
			children = (
				3B01AAF420C6D7EC00291522 /* SitmaticTests.swift */,
				3B01AAF620C6D7EC00291522 /* Info.plist */,
			);
			path = SitmaticTests;
			sourceTree = "<group>";
		};
		3B01AAFE20C6D7EC00291522 /* SitmaticUITests */ = {
			isa = PBXGroup;
			children = (
				3B01AAFF20C6D7EC00291522 /* SitmaticUITests.swift */,
				3B01AB0120C6D7EC00291522 /* Info.plist */,
			);
			path = SitmaticUITests;
			sourceTree = "<group>";
		};
		3B01AB1120C6D98300291522 /* SwiftHelper */ = {
			isa = PBXGroup;
			children = (
				1B48805920CA797C008AC3DD /* SweetAlert.swift */,
				3B01AB1220C6D98300291522 /* Extentions.swift */,
				3B01AB1320C6D98300291522 /* ServiceClass.swift */,
				3B01AB1420C6D98300291522 /* BaseViewController.swift */,
				3B01AB1620C6D98300291522 /* TopBar.xib */,
				3B01AB3720C6DAB800291522 /* AppUserObject.h */,
				3B01AB3820C6DAB900291522 /* AppUserObject.m */,
				3B01AB1820C6D98300291522 /* ECSHelper.swift */,
				3B01AB1920C6D98300291522 /* ServiceConstants.swift */,
				3B01AB1A20C6D98300291522 /* Enums.h */,
				3B01AB1B20C6D98300291522 /* UIExtentions.swift */,
				3B01AB1C20C6D98300291522 /* TopBar.swift */,
				3B01AB1F20C6D98300291522 /* UIWindow.swift */,
				3B01AB2020C6D98300291522 /* ServiceHelper.swift */,
				3B01AB2120C6D98300291522 /* Constaint.swift */,
				3B01AB2220C6D98300291522 /* LocalText.json */,
				3B01AB3620C6DAB700291522 /* Sitmatic-Bridging-Header.h */,
				1BF27F4220E633430014B84E /* Section.swift */,
			);
			path = SwiftHelper;
			sourceTree = "<group>";
		};
		3B01AB3120C6D98F00291522 /* Controller */ = {
			isa = PBXGroup;
			children = (
				1BCC0A4120EB419300196F69 /* OrderProccessingThird.swift */,
				1BE313B420CE6ABD004F1931 /* OrderProccessingSecond.swift */,
				1BB9C4BE20C8F8E10028A48A /* OrderProccessing.swift */,
				1BF27F3C20E608740014B84E /* ModifieModel.swift */,
				1B2E011C20C79ED400B34645 /* SProfileVC.swift */,
				3B01AB4520C6F06000291522 /* SSignupVC.swift */,
				3B01AB0D20C6D87300291522 /* SSLoginVC.swift */,
				1B2E012020C79EFD00B34645 /* SHomeVC.swift */,
				1B6DF8F820C7F2A400280E84 /* StartOrderd.swift */,
				1BECAEFB20D24DF50050AE31 /* SForgotPass.swift */,
			);
			path = Controller;
			sourceTree = "<group>";
		};
		3B01AB3220C6D9A900291522 /* View */ = {
			isa = PBXGroup;
			children = (
				1BCC0A4320EB419D00196F69 /* OrderProccessingThird.xib */,
				1BF27F4020E60B5E0014B84E /* ModifieModel.xib */,
				1BECAEFC20D24DF50050AE31 /* SForgotPass.xib */,
				1BE313B620CE6B17004F1931 /* OrderProccessingSecond.xib */,
				1B6DF8F920C7F2A400280E84 /* StartOrderd.xib */,
				1BB9C4BF20C8F8E10028A48A /* OrderProccessing.xib */,
				1B2E012120C79EFD00B34645 /* SHomeVC.xib */,
				3B01AB4720C6F06B00291522 /* SSignupVC.xib */,
				1B2E011D20C79ED400B34645 /* SProfileVC.xib */,
				3B01AB0E20C6D87300291522 /* SSLoginVC.xib */,
			);
			path = View;
			sourceTree = "<group>";
		};
		3B01AB3A20C6DD7700291522 /* Images */ = {
			isa = PBXGroup;
			children = (
				1B7289E720EB6BCA00C5D395 /* info.png */,
				1B48805D20CA8CD3008AC3DD /* cancel.png */,
				1B48805B20CA8CD2008AC3DD /* next.png */,
				1B48805C20CA8CD2008AC3DD /* previous.png */,
				1BEFEAA520CA46DC00400AF1 /* watermark.png */,
				1BB9C4C620C960AF0028A48A /* banner.png */,
				1BB9C4C720C960B00028A48A /* chair.png */,
				1B6DF8FD20C8102800280E84 /* off.png */,
				1B6DF8FC20C8102700280E84 /* on.png */,
				1B6DF8ED20C7E4BC00280E84 /* Chair1.jpg */,
				1B6DF8EC20C7E4BC00280E84 /* Chair2.jpg */,
				1B6DF8EE20C7E4BC00280E84 /* chair3.jpg */,
				1B6DF8EF20C7E4BC00280E84 /* chair7.jpg */,
				1B6DF8E120C7E05B00280E84 /* orderbtn.png */,
				1B6DF8DB20C7DB2800280E84 /* slider1.png */,
				1B6DF8DC20C7DB2800280E84 /* slider2.jpg */,
				1B6DF8DD20C7DB2800280E84 /* slider3.jpg */,
				1B6DF8D920C7C72F00280E84 /* logout.png */,
				1B6DF8D720C7BF6C00280E84 /* nouser.png */,
				1B2E013420C7B68900B34645 /* 1125_2436.png */,
				1B2E012F20C7B3F500B34645 /* 640_960.png */,
				1B2E012D20C7B3F300B34645 /* 640_1136.png */,
				1B2E012E20C7B3F400B34645 /* 750_1334.png */,
				1B2E012C20C7B3F200B34645 /* 1242_2208.png */,
				1B2E012A20C7AED800B34645 /* edit.png */,
				1B2E012820C7AC7200B34645 /* left-arrow.png */,
				1B2E012620C7AAE900B34645 /* male.png */,
				3B01AB4320C6E7B300291522 /* login.png */,
				3B01AB4120C6E18400291522 /* sitmaticlogo.png */,
				3B01AB3D20C6DE3400291522 /* background.jpg */,
				3B01AB3B20C6DE3300291522 /* lbackground.jpg */,
				3B01AB3C20C6DE3400291522 /* sitmaticsplash.png */,
			);
			path = Images;
			sourceTree = "<group>";
		};
		4EAF5916F2D5084BD1E217C6 /* Pods */ = {
			isa = PBXGroup;
			children = (
				F8B808977427C05FB4E96F46 /* Pods-Sitmatic.debug.xcconfig */,
				1B555F5090C838A9FE7EBEC3 /* Pods-Sitmatic.release.xcconfig */,
				AAE43908D6137391BBBA386F /* Pods-SitmaticTests.debug.xcconfig */,
				9510C42ABACFDA2EC45DD131 /* Pods-SitmaticTests.release.xcconfig */,
				7FB869A65EB39DF955C5DACB /* Pods-SitmaticUITests.debug.xcconfig */,
				67BEAEA9DC6C1C17D5432660 /* Pods-SitmaticUITests.release.xcconfig */,
			);
			name = Pods;
			sourceTree = "<group>";
		};
		A37D2E25440E7DEF53D8E939 /* Frameworks */ = {
			isa = PBXGroup;
			children = (
				1B48805720CA794D008AC3DD /* QuartzCore.framework */,
				B65637EAF789F0BF584848B5 /* Pods_Sitmatic.framework */,
				2F0CCBF4C24C3822FF13BE5D /* Pods_SitmaticTests.framework */,
				DE4BF112AAE98A85A982B556 /* Pods_SitmaticUITests.framework */,
			);
			name = Frameworks;
			sourceTree = "<group>";
		};
/* End PBXGroup section */

/* Begin PBXNativeTarget section */
		3B01AADB20C6D7E900291522 /* Sitmatic */ = {
			isa = PBXNativeTarget;
			buildConfigurationList = 3B01AB0420C6D7EC00291522 /* Build configuration list for PBXNativeTarget "Sitmatic" */;
			buildPhases = (
				C1265CB08666E4E00F891A91 /* [CP] Check Pods Manifest.lock */,
				3B01AAD820C6D7E900291522 /* Sources */,
				3B01AAD920C6D7E900291522 /* Frameworks */,
				3B01AADA20C6D7E900291522 /* Resources */,
				E0ECE2DDB90549032270E940 /* [CP] Embed Pods Frameworks */,
				0C4983CAC93026A75DCC313B /* [CP] Copy Pods Resources */,
			);
			buildRules = (
			);
			dependencies = (
			);
			name = Sitmatic;
			productName = Sitmatic;
			productReference = 3B01AADC20C6D7E900291522 /* Sitmatic.app */;
			productType = "com.apple.product-type.application";
		};
		3B01AAEF20C6D7EC00291522 /* SitmaticTests */ = {
			isa = PBXNativeTarget;
			buildConfigurationList = 3B01AB0720C6D7EC00291522 /* Build configuration list for PBXNativeTarget "SitmaticTests" */;
			buildPhases = (
				59F76CBAEF8C6B03C77F3469 /* [CP] Check Pods Manifest.lock */,
				3B01AAEC20C6D7EC00291522 /* Sources */,
				3B01AAED20C6D7EC00291522 /* Frameworks */,
				3B01AAEE20C6D7EC00291522 /* Resources */,
				6D7F9CF7B96278CF7817463B /* [CP] Embed Pods Frameworks */,
				E0AC3CEB2933BA3FBF04CBCC /* [CP] Copy Pods Resources */,
			);
			buildRules = (
			);
			dependencies = (
				3B01AAF220C6D7EC00291522 /* PBXTargetDependency */,
			);
			name = SitmaticTests;
			productName = SitmaticTests;
			productReference = 3B01AAF020C6D7EC00291522 /* SitmaticTests.xctest */;
			productType = "com.apple.product-type.bundle.unit-test";
		};
		3B01AAFA20C6D7EC00291522 /* SitmaticUITests */ = {
			isa = PBXNativeTarget;
			buildConfigurationList = 3B01AB0A20C6D7EC00291522 /* Build configuration list for PBXNativeTarget "SitmaticUITests" */;
			buildPhases = (
				77C0F85AC7E6BC2970E65482 /* [CP] Check Pods Manifest.lock */,
				3B01AAF720C6D7EC00291522 /* Sources */,
				3B01AAF820C6D7EC00291522 /* Frameworks */,
				3B01AAF920C6D7EC00291522 /* Resources */,
				C073863BE3CABA548CCB8C34 /* [CP] Embed Pods Frameworks */,
				C4231D55052E78C0CF3BC932 /* [CP] Copy Pods Resources */,
			);
			buildRules = (
			);
			dependencies = (
				3B01AAFD20C6D7EC00291522 /* PBXTargetDependency */,
			);
			name = SitmaticUITests;
			productName = SitmaticUITests;
			productReference = 3B01AAFB20C6D7EC00291522 /* SitmaticUITests.xctest */;
			productType = "com.apple.product-type.bundle.ui-testing";
		};
/* End PBXNativeTarget section */

/* Begin PBXProject section */
		3B01AAD420C6D7E900291522 /* Project object */ = {
			isa = PBXProject;
			attributes = {
				LastSwiftUpdateCheck = 0930;
				LastUpgradeCheck = 0930;
				ORGANIZATIONNAME = Ankleshwar;
				TargetAttributes = {
					3B01AADB20C6D7E900291522 = {
						CreatedOnToolsVersion = 9.3.1;
						LastSwiftMigration = 0930;
					};
					3B01AAEF20C6D7EC00291522 = {
						CreatedOnToolsVersion = 9.3.1;
						TestTargetID = 3B01AADB20C6D7E900291522;
					};
					3B01AAFA20C6D7EC00291522 = {
						CreatedOnToolsVersion = 9.3.1;
						TestTargetID = 3B01AADB20C6D7E900291522;
					};
				};
			};
			buildConfigurationList = 3B01AAD720C6D7E900291522 /* Build configuration list for PBXProject "Sitmatic" */;
			compatibilityVersion = "Xcode 9.3";
			developmentRegion = en;
			hasScannedForEncodings = 0;
			knownRegions = (
				en,
				Base,
			);
			mainGroup = 3B01AAD320C6D7E900291522;
			productRefGroup = 3B01AADD20C6D7E900291522 /* Products */;
			projectDirPath = "";
			projectRoot = "";
			targets = (
				3B01AADB20C6D7E900291522 /* Sitmatic */,
				3B01AAEF20C6D7EC00291522 /* SitmaticTests */,
				3B01AAFA20C6D7EC00291522 /* SitmaticUITests */,
			);
		};
/* End PBXProject section */

/* Begin PBXResourcesBuildPhase section */
		3B01AADA20C6D7E900291522 /* Resources */ = {
			isa = PBXResourcesBuildPhase;
			buildActionMask = 2147483647;
			files = (
				1B2E011F20C79ED400B34645 /* SProfileVC.xib in Resources */,
				1B6DF8F720C7F26700280E84 /* QuestionPartOne.xib in Resources */,
				1BF27F4720E635820014B84E /* HeaderCell.xib in Resources */,
				1B6DF8DF20C7DB2900280E84 /* slider2.jpg in Resources */,
				1BB9C4C520C8FA620028A48A /* orderProcell.xib in Resources */,
				1B6DF8EB20C7E38200280E84 /* HomeCell.xib in Resources */,
				3B01AAEA20C6D7EC00291522 /* LaunchScreen.storyboard in Resources */,
				1BCC0A4420EB419D00196F69 /* OrderProccessingThird.xib in Resources */,
				3B01AB4420C6E7B400291522 /* login.png in Resources */,
				3B01AAE720C6D7EC00291522 /* Assets.xcassets in Resources */,
				1B2E013020C7B3F600B34645 /* 1242_2208.png in Resources */,
				1BE313B720CE6B17004F1931 /* OrderProccessingSecond.xib in Resources */,
				1B2E013320C7B3F600B34645 /* 640_960.png in Resources */,
				1BEFEAA620CA46DD00400AF1 /* watermark.png in Resources */,
				1B6DF8F020C7E4BC00280E84 /* Chair2.jpg in Resources */,
				1B2E013220C7B3F600B34645 /* 750_1334.png in Resources */,
				1B6DF8DE20C7DB2900280E84 /* slider1.png in Resources */,
				1B48805E20CA8CD3008AC3DD /* next.png in Resources */,
				1B6DF8FE20C8102900280E84 /* on.png in Resources */,
				1B2E012920C7AC7200B34645 /* left-arrow.png in Resources */,
				3B01AB3F20C6DE3400291522 /* sitmaticsplash.png in Resources */,
				1B6DF8E220C7E05C00280E84 /* orderbtn.png in Resources */,
				3B01AB3E20C6DE3400291522 /* lbackground.jpg in Resources */,
				1B7289E820EB6BCB00C5D395 /* info.png in Resources */,
				1BB9C4C920C960B10028A48A /* chair.png in Resources */,
				1B2E013120C7B3F600B34645 /* 640_1136.png in Resources */,
				1BB9C4C820C960B10028A48A /* banner.png in Resources */,
				3B01AB4820C6F06B00291522 /* SSignupVC.xib in Resources */,
				1B6DF8D820C7BF6E00280E84 /* nouser.png in Resources */,
				1B6DF8F120C7E4BC00280E84 /* Chair1.jpg in Resources */,
				1B6DF8F220C7E4BC00280E84 /* chair3.jpg in Resources */,
				3B01AB3020C6D98400291522 /* LocalText.json in Resources */,
				1B48805F20CA8CD3008AC3DD /* previous.png in Resources */,
				1B2E012520C7A4E500B34645 /* Roboto-Regular.ttf in Resources */,
				1BF27F4120E60B5E0014B84E /* ModifieModel.xib in Resources */,
				3B01AB4020C6DE3400291522 /* background.jpg in Resources */,
				3B01AB4220C6E18400291522 /* sitmaticlogo.png in Resources */,
				1B2E012B20C7AED800B34645 /* edit.png in Resources */,
				1B48806020CA8CD3008AC3DD /* cancel.png in Resources */,
				1B2E012720C7AAE900B34645 /* male.png in Resources */,
				1B2E012320C79EFD00B34645 /* SHomeVC.xib in Resources */,
				1BB9C4C120C8F8E10028A48A /* OrderProccessing.xib in Resources */,
				1BECAEFE20D24DF50050AE31 /* SForgotPass.xib in Resources */,
				1B6DF8F320C7E4BC00280E84 /* chair7.jpg in Resources */,
				1B6DF8FF20C8102900280E84 /* off.png in Resources */,
				1B6DF8E020C7DB2900280E84 /* slider3.jpg in Resources */,
				1B6DF8FB20C7F2A400280E84 /* StartOrderd.xib in Resources */,
				1B2E013520C7B68900B34645 /* 1125_2436.png in Resources */,
				3B01AB1020C6D87300291522 /* SSLoginVC.xib in Resources */,
				3B01AB2720C6D98400291522 /* TopBar.xib in Resources */,
				1B6DF8DA20C7C73000280E84 /* logout.png in Resources */,
			);
			runOnlyForDeploymentPostprocessing = 0;
		};
		3B01AAEE20C6D7EC00291522 /* Resources */ = {
			isa = PBXResourcesBuildPhase;
			buildActionMask = 2147483647;
			files = (
			);
			runOnlyForDeploymentPostprocessing = 0;
		};
		3B01AAF920C6D7EC00291522 /* Resources */ = {
			isa = PBXResourcesBuildPhase;
			buildActionMask = 2147483647;
			files = (
			);
			runOnlyForDeploymentPostprocessing = 0;
		};
/* End PBXResourcesBuildPhase section */

/* Begin PBXShellScriptBuildPhase section */
		0C4983CAC93026A75DCC313B /* [CP] Copy Pods Resources */ = {
			isa = PBXShellScriptBuildPhase;
			buildActionMask = 2147483647;
			files = (
			);
			inputPaths = (
			);
			name = "[CP] Copy Pods Resources";
			outputPaths = (
			);
			runOnlyForDeploymentPostprocessing = 0;
			shellPath = /bin/sh;
			shellScript = "\"${SRCROOT}/Pods/Target Support Files/Pods-Sitmatic/Pods-Sitmatic-resources.sh\"\n";
			showEnvVarsInLog = 0;
		};
		59F76CBAEF8C6B03C77F3469 /* [CP] Check Pods Manifest.lock */ = {
			isa = PBXShellScriptBuildPhase;
			buildActionMask = 2147483647;
			files = (
			);
			inputPaths = (
				"${PODS_PODFILE_DIR_PATH}/Podfile.lock",
				"${PODS_ROOT}/Manifest.lock",
			);
			name = "[CP] Check Pods Manifest.lock";
			outputPaths = (
				"$(DERIVED_FILE_DIR)/Pods-SitmaticTests-checkManifestLockResult.txt",
			);
			runOnlyForDeploymentPostprocessing = 0;
			shellPath = /bin/sh;
			shellScript = "diff \"${PODS_PODFILE_DIR_PATH}/Podfile.lock\" \"${PODS_ROOT}/Manifest.lock\" > /dev/null\nif [ $? != 0 ] ; then\n    # print error to STDERR\n    echo \"error: The sandbox is not in sync with the Podfile.lock. Run 'pod install' or update your CocoaPods installation.\" >&2\n    exit 1\nfi\n# This output is used by Xcode 'outputs' to avoid re-running this script phase.\necho \"SUCCESS\" > \"${SCRIPT_OUTPUT_FILE_0}\"\n";
			showEnvVarsInLog = 0;
		};
		6D7F9CF7B96278CF7817463B /* [CP] Embed Pods Frameworks */ = {
			isa = PBXShellScriptBuildPhase;
			buildActionMask = 2147483647;
			files = (
			);
			inputPaths = (
			);
			name = "[CP] Embed Pods Frameworks";
			outputPaths = (
			);
			runOnlyForDeploymentPostprocessing = 0;
			shellPath = /bin/sh;
			shellScript = "\"${SRCROOT}/Pods/Target Support Files/Pods-SitmaticTests/Pods-SitmaticTests-frameworks.sh\"\n";
			showEnvVarsInLog = 0;
		};
		77C0F85AC7E6BC2970E65482 /* [CP] Check Pods Manifest.lock */ = {
			isa = PBXShellScriptBuildPhase;
			buildActionMask = 2147483647;
			files = (
			);
			inputPaths = (
				"${PODS_PODFILE_DIR_PATH}/Podfile.lock",
				"${PODS_ROOT}/Manifest.lock",
			);
			name = "[CP] Check Pods Manifest.lock";
			outputPaths = (
				"$(DERIVED_FILE_DIR)/Pods-SitmaticUITests-checkManifestLockResult.txt",
			);
			runOnlyForDeploymentPostprocessing = 0;
			shellPath = /bin/sh;
			shellScript = "diff \"${PODS_PODFILE_DIR_PATH}/Podfile.lock\" \"${PODS_ROOT}/Manifest.lock\" > /dev/null\nif [ $? != 0 ] ; then\n    # print error to STDERR\n    echo \"error: The sandbox is not in sync with the Podfile.lock. Run 'pod install' or update your CocoaPods installation.\" >&2\n    exit 1\nfi\n# This output is used by Xcode 'outputs' to avoid re-running this script phase.\necho \"SUCCESS\" > \"${SCRIPT_OUTPUT_FILE_0}\"\n";
			showEnvVarsInLog = 0;
		};
		C073863BE3CABA548CCB8C34 /* [CP] Embed Pods Frameworks */ = {
			isa = PBXShellScriptBuildPhase;
			buildActionMask = 2147483647;
			files = (
			);
			inputPaths = (
			);
			name = "[CP] Embed Pods Frameworks";
			outputPaths = (
			);
			runOnlyForDeploymentPostprocessing = 0;
			shellPath = /bin/sh;
			shellScript = "\"${SRCROOT}/Pods/Target Support Files/Pods-SitmaticUITests/Pods-SitmaticUITests-frameworks.sh\"\n";
			showEnvVarsInLog = 0;
		};
		C1265CB08666E4E00F891A91 /* [CP] Check Pods Manifest.lock */ = {
			isa = PBXShellScriptBuildPhase;
			buildActionMask = 2147483647;
			files = (
			);
			inputPaths = (
				"${PODS_PODFILE_DIR_PATH}/Podfile.lock",
				"${PODS_ROOT}/Manifest.lock",
			);
			name = "[CP] Check Pods Manifest.lock";
			outputPaths = (
				"$(DERIVED_FILE_DIR)/Pods-Sitmatic-checkManifestLockResult.txt",
			);
			runOnlyForDeploymentPostprocessing = 0;
			shellPath = /bin/sh;
			shellScript = "diff \"${PODS_PODFILE_DIR_PATH}/Podfile.lock\" \"${PODS_ROOT}/Manifest.lock\" > /dev/null\nif [ $? != 0 ] ; then\n    # print error to STDERR\n    echo \"error: The sandbox is not in sync with the Podfile.lock. Run 'pod install' or update your CocoaPods installation.\" >&2\n    exit 1\nfi\n# This output is used by Xcode 'outputs' to avoid re-running this script phase.\necho \"SUCCESS\" > \"${SCRIPT_OUTPUT_FILE_0}\"\n";
			showEnvVarsInLog = 0;
		};
		C4231D55052E78C0CF3BC932 /* [CP] Copy Pods Resources */ = {
			isa = PBXShellScriptBuildPhase;
			buildActionMask = 2147483647;
			files = (
			);
			inputPaths = (
			);
			name = "[CP] Copy Pods Resources";
			outputPaths = (
			);
			runOnlyForDeploymentPostprocessing = 0;
			shellPath = /bin/sh;
			shellScript = "\"${SRCROOT}/Pods/Target Support Files/Pods-SitmaticUITests/Pods-SitmaticUITests-resources.sh\"\n";
			showEnvVarsInLog = 0;
		};
		E0AC3CEB2933BA3FBF04CBCC /* [CP] Copy Pods Resources */ = {
			isa = PBXShellScriptBuildPhase;
			buildActionMask = 2147483647;
			files = (
			);
			inputPaths = (
			);
			name = "[CP] Copy Pods Resources";
			outputPaths = (
			);
			runOnlyForDeploymentPostprocessing = 0;
			shellPath = /bin/sh;
			shellScript = "\"${SRCROOT}/Pods/Target Support Files/Pods-SitmaticTests/Pods-SitmaticTests-resources.sh\"\n";
			showEnvVarsInLog = 0;
		};
		E0ECE2DDB90549032270E940 /* [CP] Embed Pods Frameworks */ = {
			isa = PBXShellScriptBuildPhase;
			buildActionMask = 2147483647;
			files = (
			);
			inputPaths = (
				"${SRCROOT}/Pods/Target Support Files/Pods-Sitmatic/Pods-Sitmatic-frameworks.sh",
				"${BUILT_PRODUCTS_DIR}/Alamofire/Alamofire.framework",
				"${BUILT_PRODUCTS_DIR}/CHIPageControl/CHIPageControl.framework",
				"${BUILT_PRODUCTS_DIR}/JWTDecode/JWTDecode.framework",
				"${BUILT_PRODUCTS_DIR}/Kingfisher/Kingfisher.framework",
				"${BUILT_PRODUCTS_DIR}/ObjectMapper/ObjectMapper.framework",
				"${BUILT_PRODUCTS_DIR}/SVProgressHUD/SVProgressHUD.framework",
				"${BUILT_PRODUCTS_DIR}/SwiftKeychainWrapper/SwiftKeychainWrapper.framework",
				"${BUILT_PRODUCTS_DIR}/SwiftyJSON/SwiftyJSON.framework",
				"${BUILT_PRODUCTS_DIR}/TextFieldEffects/TextFieldEffects.framework",
				"${BUILT_PRODUCTS_DIR}/Toast-Swift/Toast_Swift.framework",
				"${BUILT_PRODUCTS_DIR}/Toaster/Toaster.framework",
				"${BUILT_PRODUCTS_DIR}/YALSideMenu/SideMenu.framework",
			);
			name = "[CP] Embed Pods Frameworks";
			outputPaths = (
				"${TARGET_BUILD_DIR}/${FRAMEWORKS_FOLDER_PATH}/Alamofire.framework",
				"${TARGET_BUILD_DIR}/${FRAMEWORKS_FOLDER_PATH}/CHIPageControl.framework",
				"${TARGET_BUILD_DIR}/${FRAMEWORKS_FOLDER_PATH}/JWTDecode.framework",
				"${TARGET_BUILD_DIR}/${FRAMEWORKS_FOLDER_PATH}/Kingfisher.framework",
				"${TARGET_BUILD_DIR}/${FRAMEWORKS_FOLDER_PATH}/ObjectMapper.framework",
				"${TARGET_BUILD_DIR}/${FRAMEWORKS_FOLDER_PATH}/SVProgressHUD.framework",
				"${TARGET_BUILD_DIR}/${FRAMEWORKS_FOLDER_PATH}/SwiftKeychainWrapper.framework",
				"${TARGET_BUILD_DIR}/${FRAMEWORKS_FOLDER_PATH}/SwiftyJSON.framework",
				"${TARGET_BUILD_DIR}/${FRAMEWORKS_FOLDER_PATH}/TextFieldEffects.framework",
				"${TARGET_BUILD_DIR}/${FRAMEWORKS_FOLDER_PATH}/Toast_Swift.framework",
				"${TARGET_BUILD_DIR}/${FRAMEWORKS_FOLDER_PATH}/Toaster.framework",
				"${TARGET_BUILD_DIR}/${FRAMEWORKS_FOLDER_PATH}/SideMenu.framework",
			);
			runOnlyForDeploymentPostprocessing = 0;
			shellPath = /bin/sh;
			shellScript = "\"${SRCROOT}/Pods/Target Support Files/Pods-Sitmatic/Pods-Sitmatic-frameworks.sh\"\n";
			showEnvVarsInLog = 0;
		};
/* End PBXShellScriptBuildPhase section */

/* Begin PBXSourcesBuildPhase section */
		3B01AAD820C6D7E900291522 /* Sources */ = {
			isa = PBXSourcesBuildPhase;
			buildActionMask = 2147483647;
			files = (
				3B01AB2E20C6D98400291522 /* ServiceHelper.swift in Sources */,
				1BCC0A4220EB419300196F69 /* OrderProccessingThird.swift in Sources */,
				3B01AB2320C6D98300291522 /* Extentions.swift in Sources */,
				3B01AAE220C6D7E900291522 /* ViewController.swift in Sources */,
				3B01AB2D20C6D98400291522 /* UIWindow.swift in Sources */,
				3B01AB2920C6D98400291522 /* ServiceConstants.swift in Sources */,
				3B01AB2B20C6D98400291522 /* TopBar.swift in Sources */,
				3B01AAE020C6D7E900291522 /* AppDelegate.swift in Sources */,
				3B01AB2420C6D98300291522 /* ServiceClass.swift in Sources */,
				1B2E011E20C79ED400B34645 /* SProfileVC.swift in Sources */,
				1BF27F3E20E608740014B84E /* ModifieModel.swift in Sources */,
				1B48805620CA5C3D008AC3DD /* QuestionDataSecond.swift in Sources */,
				3B01AB2820C6D98400291522 /* ECSHelper.swift in Sources */,
				1B48805A20CA797C008AC3DD /* SweetAlert.swift in Sources */,
				1B2E012220C79EFD00B34645 /* SHomeVC.swift in Sources */,
				3B01AB3920C6DAB900291522 /* AppUserObject.m in Sources */,
				3B01AB0F20C6D87300291522 /* SSLoginVC.swift in Sources */,
				1BB9C4C020C8F8E10028A48A /* OrderProccessing.swift in Sources */,
				1BF27F4320E633430014B84E /* Section.swift in Sources */,
				3B01AB4620C6F06000291522 /* SSignupVC.swift in Sources */,
				1B6DF8FA20C7F2A400280E84 /* StartOrderd.swift in Sources */,
				1BB9C4C420C8FA620028A48A /* orderProcell.swift in Sources */,
				3B01AB2A20C6D98400291522 /* UIExtentions.swift in Sources */,
				3B01AB2F20C6D98400291522 /* Constaint.swift in Sources */,
				1BE313B520CE6ABD004F1931 /* OrderProccessingSecond.swift in Sources */,
				1B6DF8EA20C7E38200280E84 /* HomeCell.swift in Sources */,
				1BECAEFD20D24DF50050AE31 /* SForgotPass.swift in Sources */,
				1BF27F4620E635820014B84E /* HeaderCell.swift in Sources */,
				1B6DF8F620C7F26700280E84 /* QuestionPartOne.swift in Sources */,
				3B01AB2520C6D98300291522 /* BaseViewController.swift in Sources */,
			);
			runOnlyForDeploymentPostprocessing = 0;
		};
		3B01AAEC20C6D7EC00291522 /* Sources */ = {
			isa = PBXSourcesBuildPhase;
			buildActionMask = 2147483647;
			files = (
				3B01AAF520C6D7EC00291522 /* SitmaticTests.swift in Sources */,
			);
			runOnlyForDeploymentPostprocessing = 0;
		};
		3B01AAF720C6D7EC00291522 /* Sources */ = {
			isa = PBXSourcesBuildPhase;
			buildActionMask = 2147483647;
			files = (
				3B01AB0020C6D7EC00291522 /* SitmaticUITests.swift in Sources */,
			);
			runOnlyForDeploymentPostprocessing = 0;
		};
/* End PBXSourcesBuildPhase section */

/* Begin PBXTargetDependency section */
		3B01AAF220C6D7EC00291522 /* PBXTargetDependency */ = {
			isa = PBXTargetDependency;
			target = 3B01AADB20C6D7E900291522 /* Sitmatic */;
			targetProxy = 3B01AAF120C6D7EC00291522 /* PBXContainerItemProxy */;
		};
		3B01AAFD20C6D7EC00291522 /* PBXTargetDependency */ = {
			isa = PBXTargetDependency;
			target = 3B01AADB20C6D7E900291522 /* Sitmatic */;
			targetProxy = 3B01AAFC20C6D7EC00291522 /* PBXContainerItemProxy */;
		};
/* End PBXTargetDependency section */

/* Begin PBXVariantGroup section */
		3B01AAE820C6D7EC00291522 /* LaunchScreen.storyboard */ = {
			isa = PBXVariantGroup;
			children = (
				3B01AAE920C6D7EC00291522 /* Base */,
			);
			name = LaunchScreen.storyboard;
			sourceTree = "<group>";
		};
/* End PBXVariantGroup section */

/* Begin XCBuildConfiguration section */
		3B01AB0220C6D7EC00291522 /* Debug */ = {
			isa = XCBuildConfiguration;
			buildSettings = {
				ALWAYS_SEARCH_USER_PATHS = NO;
				CLANG_ANALYZER_NONNULL = YES;
				CLANG_ANALYZER_NUMBER_OBJECT_CONVERSION = YES_AGGRESSIVE;
				CLANG_CXX_LANGUAGE_STANDARD = "gnu++14";
				CLANG_CXX_LIBRARY = "libc++";
				CLANG_ENABLE_MODULES = YES;
				CLANG_ENABLE_OBJC_ARC = YES;
				CLANG_ENABLE_OBJC_WEAK = YES;
				CLANG_WARN_BLOCK_CAPTURE_AUTORELEASING = YES;
				CLANG_WARN_BOOL_CONVERSION = YES;
				CLANG_WARN_COMMA = YES;
				CLANG_WARN_CONSTANT_CONVERSION = YES;
				CLANG_WARN_DEPRECATED_OBJC_IMPLEMENTATIONS = YES;
				CLANG_WARN_DIRECT_OBJC_ISA_USAGE = YES_ERROR;
				CLANG_WARN_DOCUMENTATION_COMMENTS = YES;
				CLANG_WARN_EMPTY_BODY = YES;
				CLANG_WARN_ENUM_CONVERSION = YES;
				CLANG_WARN_INFINITE_RECURSION = YES;
				CLANG_WARN_INT_CONVERSION = YES;
				CLANG_WARN_NON_LITERAL_NULL_CONVERSION = YES;
				CLANG_WARN_OBJC_IMPLICIT_RETAIN_SELF = YES;
				CLANG_WARN_OBJC_LITERAL_CONVERSION = YES;
				CLANG_WARN_OBJC_ROOT_CLASS = YES_ERROR;
				CLANG_WARN_RANGE_LOOP_ANALYSIS = YES;
				CLANG_WARN_STRICT_PROTOTYPES = YES;
				CLANG_WARN_SUSPICIOUS_MOVE = YES;
				CLANG_WARN_UNGUARDED_AVAILABILITY = YES_AGGRESSIVE;
				CLANG_WARN_UNREACHABLE_CODE = YES;
				CLANG_WARN__DUPLICATE_METHOD_MATCH = YES;
				CODE_SIGN_IDENTITY = "iPhone Developer";
				COPY_PHASE_STRIP = NO;
				DEBUG_INFORMATION_FORMAT = dwarf;
				ENABLE_STRICT_OBJC_MSGSEND = YES;
				ENABLE_TESTABILITY = YES;
				GCC_C_LANGUAGE_STANDARD = gnu11;
				GCC_DYNAMIC_NO_PIC = NO;
				GCC_NO_COMMON_BLOCKS = YES;
				GCC_OPTIMIZATION_LEVEL = 0;
				GCC_PREPROCESSOR_DEFINITIONS = (
					"DEBUG=1",
					"$(inherited)",
				);
				GCC_WARN_64_TO_32_BIT_CONVERSION = YES;
				GCC_WARN_ABOUT_RETURN_TYPE = YES_ERROR;
				GCC_WARN_UNDECLARED_SELECTOR = YES;
				GCC_WARN_UNINITIALIZED_AUTOS = YES_AGGRESSIVE;
				GCC_WARN_UNUSED_FUNCTION = YES;
				GCC_WARN_UNUSED_VARIABLE = YES;
				IPHONEOS_DEPLOYMENT_TARGET = 11.3;
				MTL_ENABLE_DEBUG_INFO = YES;
				ONLY_ACTIVE_ARCH = YES;
				SDKROOT = iphoneos;
				SWIFT_ACTIVE_COMPILATION_CONDITIONS = DEBUG;
				SWIFT_OPTIMIZATION_LEVEL = "-Onone";
			};
			name = Debug;
		};
		3B01AB0320C6D7EC00291522 /* Release */ = {
			isa = XCBuildConfiguration;
			buildSettings = {
				ALWAYS_SEARCH_USER_PATHS = NO;
				CLANG_ANALYZER_NONNULL = YES;
				CLANG_ANALYZER_NUMBER_OBJECT_CONVERSION = YES_AGGRESSIVE;
				CLANG_CXX_LANGUAGE_STANDARD = "gnu++14";
				CLANG_CXX_LIBRARY = "libc++";
				CLANG_ENABLE_MODULES = YES;
				CLANG_ENABLE_OBJC_ARC = YES;
				CLANG_ENABLE_OBJC_WEAK = YES;
				CLANG_WARN_BLOCK_CAPTURE_AUTORELEASING = YES;
				CLANG_WARN_BOOL_CONVERSION = YES;
				CLANG_WARN_COMMA = YES;
				CLANG_WARN_CONSTANT_CONVERSION = YES;
				CLANG_WARN_DEPRECATED_OBJC_IMPLEMENTATIONS = YES;
				CLANG_WARN_DIRECT_OBJC_ISA_USAGE = YES_ERROR;
				CLANG_WARN_DOCUMENTATION_COMMENTS = YES;
				CLANG_WARN_EMPTY_BODY = YES;
				CLANG_WARN_ENUM_CONVERSION = YES;
				CLANG_WARN_INFINITE_RECURSION = YES;
				CLANG_WARN_INT_CONVERSION = YES;
				CLANG_WARN_NON_LITERAL_NULL_CONVERSION = YES;
				CLANG_WARN_OBJC_IMPLICIT_RETAIN_SELF = YES;
				CLANG_WARN_OBJC_LITERAL_CONVERSION = YES;
				CLANG_WARN_OBJC_ROOT_CLASS = YES_ERROR;
				CLANG_WARN_RANGE_LOOP_ANALYSIS = YES;
				CLANG_WARN_STRICT_PROTOTYPES = YES;
				CLANG_WARN_SUSPICIOUS_MOVE = YES;
				CLANG_WARN_UNGUARDED_AVAILABILITY = YES_AGGRESSIVE;
				CLANG_WARN_UNREACHABLE_CODE = YES;
				CLANG_WARN__DUPLICATE_METHOD_MATCH = YES;
				CODE_SIGN_IDENTITY = "iPhone Developer";
				COPY_PHASE_STRIP = NO;
				DEBUG_INFORMATION_FORMAT = "dwarf-with-dsym";
				ENABLE_NS_ASSERTIONS = NO;
				ENABLE_STRICT_OBJC_MSGSEND = YES;
				GCC_C_LANGUAGE_STANDARD = gnu11;
				GCC_NO_COMMON_BLOCKS = YES;
				GCC_WARN_64_TO_32_BIT_CONVERSION = YES;
				GCC_WARN_ABOUT_RETURN_TYPE = YES_ERROR;
				GCC_WARN_UNDECLARED_SELECTOR = YES;
				GCC_WARN_UNINITIALIZED_AUTOS = YES_AGGRESSIVE;
				GCC_WARN_UNUSED_FUNCTION = YES;
				GCC_WARN_UNUSED_VARIABLE = YES;
				IPHONEOS_DEPLOYMENT_TARGET = 11.3;
				MTL_ENABLE_DEBUG_INFO = NO;
				SDKROOT = iphoneos;
				SWIFT_COMPILATION_MODE = wholemodule;
				SWIFT_OPTIMIZATION_LEVEL = "-O";
				VALIDATE_PRODUCT = YES;
			};
			name = Release;
		};
		3B01AB0520C6D7EC00291522 /* Debug */ = {
			isa = XCBuildConfiguration;
			baseConfigurationReference = F8B808977427C05FB4E96F46 /* Pods-Sitmatic.debug.xcconfig */;
			buildSettings = {
				ASSETCATALOG_COMPILER_APPICON_NAME = AppIcon;
				ASSETCATALOG_COMPILER_LAUNCHIMAGE_NAME = LaunchImage;
				CLANG_ENABLE_MODULES = YES;
				CODE_SIGN_IDENTITY = "iPhone Developer";
				CODE_SIGN_STYLE = Automatic;
				DEVELOPMENT_TEAM = 577N9MGWW6;
				INFOPLIST_FILE = Sitmatic/Info.plist;
				IPHONEOS_DEPLOYMENT_TARGET = 11.0;
				LD_RUNPATH_SEARCH_PATHS = (
					"$(inherited)",
					"@executable_path/Frameworks",
				);
				PRODUCT_BUNDLE_IDENTIFIER = com.pegasusone.sitmatic;
				PRODUCT_NAME = "$(TARGET_NAME)";
				PROVISIONING_PROFILE = "";
				PROVISIONING_PROFILE_SPECIFIER = "";
				SWIFT_OBJC_BRIDGING_HEADER = "Sitmatic/SwiftHelper/Sitmatic-Bridging-Header.h";
				SWIFT_OPTIMIZATION_LEVEL = "-Onone";
				SWIFT_VERSION = 4.0;
				TARGETED_DEVICE_FAMILY = "1,2";
			};
			name = Debug;
		};
		3B01AB0620C6D7EC00291522 /* Release */ = {
			isa = XCBuildConfiguration;
			baseConfigurationReference = 1B555F5090C838A9FE7EBEC3 /* Pods-Sitmatic.release.xcconfig */;
			buildSettings = {
				ASSETCATALOG_COMPILER_APPICON_NAME = AppIcon;
				ASSETCATALOG_COMPILER_LAUNCHIMAGE_NAME = LaunchImage;
				CLANG_ENABLE_MODULES = YES;
				CODE_SIGN_IDENTITY = "iPhone Developer";
				CODE_SIGN_STYLE = Automatic;
				DEVELOPMENT_TEAM = 577N9MGWW6;
				INFOPLIST_FILE = Sitmatic/Info.plist;
				IPHONEOS_DEPLOYMENT_TARGET = 11.0;
				LD_RUNPATH_SEARCH_PATHS = (
					"$(inherited)",
					"@executable_path/Frameworks",
				);
				PRODUCT_BUNDLE_IDENTIFIER = com.pegasusone.sitmatic;
				PRODUCT_NAME = "$(TARGET_NAME)";
				PROVISIONING_PROFILE = "";
				PROVISIONING_PROFILE_SPECIFIER = "";
				SWIFT_OBJC_BRIDGING_HEADER = "Sitmatic/SwiftHelper/Sitmatic-Bridging-Header.h";
				SWIFT_VERSION = 4.0;
				TARGETED_DEVICE_FAMILY = "1,2";
			};
			name = Release;
		};
		3B01AB0820C6D7EC00291522 /* Debug */ = {
			isa = XCBuildConfiguration;
			baseConfigurationReference = AAE43908D6137391BBBA386F /* Pods-SitmaticTests.debug.xcconfig */;
			buildSettings = {
				ALWAYS_EMBED_SWIFT_STANDARD_LIBRARIES = YES;
				BUNDLE_LOADER = "$(TEST_HOST)";
				CODE_SIGN_STYLE = Automatic;
				INFOPLIST_FILE = SitmaticTests/Info.plist;
				LD_RUNPATH_SEARCH_PATHS = (
					"$(inherited)",
					"@executable_path/Frameworks",
					"@loader_path/Frameworks",
				);
				PRODUCT_BUNDLE_IDENTIFIER = com.opiant.SitmaticTests;
				PRODUCT_NAME = "$(TARGET_NAME)";
				SWIFT_VERSION = 4.0;
				TARGETED_DEVICE_FAMILY = "1,2";
				TEST_HOST = "$(BUILT_PRODUCTS_DIR)/Sitmatic.app/Sitmatic";
			};
			name = Debug;
		};
		3B01AB0920C6D7EC00291522 /* Release */ = {
			isa = XCBuildConfiguration;
			baseConfigurationReference = 9510C42ABACFDA2EC45DD131 /* Pods-SitmaticTests.release.xcconfig */;
			buildSettings = {
				ALWAYS_EMBED_SWIFT_STANDARD_LIBRARIES = YES;
				BUNDLE_LOADER = "$(TEST_HOST)";
				CODE_SIGN_STYLE = Automatic;
				INFOPLIST_FILE = SitmaticTests/Info.plist;
				LD_RUNPATH_SEARCH_PATHS = (
					"$(inherited)",
					"@executable_path/Frameworks",
					"@loader_path/Frameworks",
				);
				PRODUCT_BUNDLE_IDENTIFIER = com.opiant.SitmaticTests;
				PRODUCT_NAME = "$(TARGET_NAME)";
				SWIFT_VERSION = 4.0;
				TARGETED_DEVICE_FAMILY = "1,2";
				TEST_HOST = "$(BUILT_PRODUCTS_DIR)/Sitmatic.app/Sitmatic";
			};
			name = Release;
		};
		3B01AB0B20C6D7EC00291522 /* Debug */ = {
			isa = XCBuildConfiguration;
			baseConfigurationReference = 7FB869A65EB39DF955C5DACB /* Pods-SitmaticUITests.debug.xcconfig */;
			buildSettings = {
				ALWAYS_EMBED_SWIFT_STANDARD_LIBRARIES = YES;
				CODE_SIGN_STYLE = Automatic;
				INFOPLIST_FILE = SitmaticUITests/Info.plist;
				LD_RUNPATH_SEARCH_PATHS = (
					"$(inherited)",
					"@executable_path/Frameworks",
					"@loader_path/Frameworks",
				);
				PRODUCT_BUNDLE_IDENTIFIER = com.opiant.SitmaticUITests;
				PRODUCT_NAME = "$(TARGET_NAME)";
				SWIFT_VERSION = 4.0;
				TARGETED_DEVICE_FAMILY = "1,2";
				TEST_TARGET_NAME = Sitmatic;
			};
			name = Debug;
		};
		3B01AB0C20C6D7EC00291522 /* Release */ = {
			isa = XCBuildConfiguration;
			baseConfigurationReference = 67BEAEA9DC6C1C17D5432660 /* Pods-SitmaticUITests.release.xcconfig */;
			buildSettings = {
				ALWAYS_EMBED_SWIFT_STANDARD_LIBRARIES = YES;
				CODE_SIGN_STYLE = Automatic;
				INFOPLIST_FILE = SitmaticUITests/Info.plist;
				LD_RUNPATH_SEARCH_PATHS = (
					"$(inherited)",
					"@executable_path/Frameworks",
					"@loader_path/Frameworks",
				);
				PRODUCT_BUNDLE_IDENTIFIER = com.opiant.SitmaticUITests;
				PRODUCT_NAME = "$(TARGET_NAME)";
				SWIFT_VERSION = 4.0;
				TARGETED_DEVICE_FAMILY = "1,2";
				TEST_TARGET_NAME = Sitmatic;
			};
			name = Release;
		};
/* End XCBuildConfiguration section */

/* Begin XCConfigurationList section */
		3B01AAD720C6D7E900291522 /* Build configuration list for PBXProject "Sitmatic" */ = {
			isa = XCConfigurationList;
			buildConfigurations = (
				3B01AB0220C6D7EC00291522 /* Debug */,
				3B01AB0320C6D7EC00291522 /* Release */,
			);
			defaultConfigurationIsVisible = 0;
			defaultConfigurationName = Release;
		};
		3B01AB0420C6D7EC00291522 /* Build configuration list for PBXNativeTarget "Sitmatic" */ = {
			isa = XCConfigurationList;
			buildConfigurations = (
				3B01AB0520C6D7EC00291522 /* Debug */,
				3B01AB0620C6D7EC00291522 /* Release */,
			);
			defaultConfigurationIsVisible = 0;
			defaultConfigurationName = Release;
		};
		3B01AB0720C6D7EC00291522 /* Build configuration list for PBXNativeTarget "SitmaticTests" */ = {
			isa = XCConfigurationList;
			buildConfigurations = (
				3B01AB0820C6D7EC00291522 /* Debug */,
				3B01AB0920C6D7EC00291522 /* Release */,
			);
			defaultConfigurationIsVisible = 0;
			defaultConfigurationName = Release;
		};
		3B01AB0A20C6D7EC00291522 /* Build configuration list for PBXNativeTarget "SitmaticUITests" */ = {
			isa = XCConfigurationList;
			buildConfigurations = (
				3B01AB0B20C6D7EC00291522 /* Debug */,
				3B01AB0C20C6D7EC00291522 /* Release */,
			);
			defaultConfigurationIsVisible = 0;
			defaultConfigurationName = Release;
		};
/* End XCConfigurationList section */
	};
	rootObject = 3B01AAD420C6D7E900291522 /* Project object */;
}
